
Microsoft Visual Studio Solution File, Format Version 12.00
# Visual Studio Version 17
VisualStudioVersion = 17.5.002.0
MinimumVisualStudioVersion = 10.0.40219.1
Project("{FAE04EC0-301F-11D3-BF4B-00C04F79EFBC}") = "RecipeManager.Data", "RecipeManager.Data\RecipeManager.Data.csproj", "{A97E791C-546D-4AFE-B935-D144660FDA27}"
EndProject
Project("{FAE04EC0-301F-11D3-BF4B-00C04F79EFBC}") = "RecipeManager.Models", "RecipeManager.Models\RecipeManager.Models.csproj", "{84C53006-9382-468D-968B-170A5F7FD0DD}"
EndProject
Project("{FAE04EC0-301F-11D3-BF4B-00C04F79EFBC}") = "RecipeManager.Tests", "RecipeManager.Tests\RecipeManager.Tests.csproj", "{C520C122-B2E3-4CCA-A36D-9ED05F6C4DCA}"
EndProject
Project("{FAE04EC0-301F-11D3-BF4B-00C04F79EFBC}") = "RecipeManager.API", "RecipeManager.API\RecipeManager.API.csproj", "{C32D88D9-DCBA-4DA1-8FF1-0D18370E71CE}"
EndProject
Global
	GlobalSection(SolutionConfigurationPlatforms) = preSolution
		Debug|Any CPU = Debug|Any CPU
		Release|Any CPU = Release|Any CPU
	EndGlobalSection
	GlobalSection(ProjectConfigurationPlatforms) = postSolution
		{A97E791C-546D-4AFE-B935-D144660FDA27}.Debug|Any CPU.ActiveCfg = Debug|Any CPU
		{A97E791C-546D-4AFE-B935-D144660FDA27}.Debug|Any CPU.Build.0 = Debug|Any CPU
		{A97E791C-546D-4AFE-B935-D144660FDA27}.Release|Any CPU.ActiveCfg = Release|Any CPU
		{A97E791C-546D-4AFE-B935-D144660FDA27}.Release|Any CPU.Build.0 = Release|Any CPU
		{84C53006-9382-468D-968B-170A5F7FD0DD}.Debug|Any CPU.ActiveCfg = Debug|Any CPU
		{84C53006-9382-468D-968B-170A5F7FD0DD}.Debug|Any CPU.Build.0 = Debug|Any CPU
		{84C53006-9382-468D-968B-170A5F7FD0DD}.Release|Any CPU.ActiveCfg = Release|Any CPU
		{84C53006-9382-468D-968B-170A5F7FD0DD}.Release|Any CPU.Build.0 = Release|Any CPU
		{C520C122-B2E3-4CCA-A36D-9ED05F6C4DCA}.Debug|Any CPU.ActiveCfg = Debug|Any CPU
		{C520C122-B2E3-4CCA-A36D-9ED05F6C4DCA}.Debug|Any CPU.Build.0 = Debug|Any CPU
		{C520C122-B2E3-4CCA-A36D-9ED05F6C4DCA}.Release|Any CPU.ActiveCfg = Release|Any CPU
		{C520C122-B2E3-4CCA-A36D-9ED05F6C4DCA}.Release|Any CPU.Build.0 = Release|Any CPU
		{C32D88D9-DCBA-4DA1-8FF1-0D18370E71CE}.Debug|Any CPU.ActiveCfg = Debug|Any CPU
		{C32D88D9-DCBA-4DA1-8FF1-0D18370E71CE}.Debug|Any CPU.Build.0 = Debug|Any CPU
		{C32D88D9-DCBA-4DA1-8FF1-0D18370E71CE}.Release|Any CPU.ActiveCfg = Release|Any CPU
		{C32D88D9-DCBA-4DA1-8FF1-0D18370E71CE}.Release|Any CPU.Build.0 = Release|Any CPU
	EndGlobalSection
	GlobalSection(SolutionProperties) = preSolution
		HideSolutionNode = FALSE
	EndGlobalSection
	GlobalSection(ExtensibilityGlobals) = postSolution
		SolutionGuid = {679473EF-95EA-4C05-BD3D-6D1B2F933BB4}
	EndGlobalSection
EndGlobal
